// !$*UTF8*$!
{
	archiveVersion = 1;
	classes = {
	};
	objectVersion = 55;
	objects = {

/* Begin PBXBuildFile section */
		451C8EAE28BA807600D827F4 /* FitnessCollectionViewCell.swift in Sources */ = {isa = PBXBuildFile; fileRef = 451C8EAD28BA807600D827F4 /* FitnessCollectionViewCell.swift */; };
		4532BE6628B8ED1800A772C0 /* AppDelegate.swift in Sources */ = {isa = PBXBuildFile; fileRef = 4532BE6528B8ED1800A772C0 /* AppDelegate.swift */; };
		4532BE6828B8ED1800A772C0 /* SceneDelegate.swift in Sources */ = {isa = PBXBuildFile; fileRef = 4532BE6728B8ED1800A772C0 /* SceneDelegate.swift */; };
		4532BE6A28B8ED1800A772C0 /* FirstViewController.swift in Sources */ = {isa = PBXBuildFile; fileRef = 4532BE6928B8ED1800A772C0 /* FirstViewController.swift */; };
		4532BE6D28B8ED1800A772C0 /* Main.storyboard in Resources */ = {isa = PBXBuildFile; fileRef = 4532BE6B28B8ED1800A772C0 /* Main.storyboard */; };
		4532BE6F28B8ED1A00A772C0 /* Assets.xcassets in Resources */ = {isa = PBXBuildFile; fileRef = 4532BE6E28B8ED1A00A772C0 /* Assets.xcassets */; };
		4532BE7228B8ED1A00A772C0 /* LaunchScreen.storyboard in Resources */ = {isa = PBXBuildFile; fileRef = 4532BE7028B8ED1A00A772C0 /* LaunchScreen.storyboard */; };
		4533539028C4E0C100C8072C /* subTraningViewController.swift in Sources */ = {isa = PBXBuildFile; fileRef = 4533538F28C4E0C100C8072C /* subTraningViewController.swift */; };
		454206D528C4F24B008109EA /* showVideoViewController.swift in Sources */ = {isa = PBXBuildFile; fileRef = 454206D428C4F24B008109EA /* showVideoViewController.swift */; };
		457E016E28BE1FF1002305E4 /* TraningsViewController.swift in Sources */ = {isa = PBXBuildFile; fileRef = 457E016D28BE1FF1002305E4 /* TraningsViewController.swift */; };
		457E017028BE21FC002305E4 /* Tranings.swift in Sources */ = {isa = PBXBuildFile; fileRef = 457E016F28BE21FC002305E4 /* Tranings.swift */; };
		45D3C55128CB819900909438 /* HealthKit.framework in Frameworks */ = {isa = PBXBuildFile; fileRef = 45D3C54F28CB812900909438 /* HealthKit.framework */; };
		45D3C55528CB832100909438 /* StepTargetViewController.swift in Sources */ = {isa = PBXBuildFile; fileRef = 45D3C55428CB832100909438 /* StepTargetViewController.swift */; };
		45E2C25228BA7AB9006826A3 /* ProgramsViewController.swift in Sources */ = {isa = PBXBuildFile; fileRef = 45E2C25128BA7AB9006826A3 /* ProgramsViewController.swift */; };
		45E56A4C28BA853B0078FDFC /* Programs.swift in Sources */ = {isa = PBXBuildFile; fileRef = 45E56A4B28BA853B0078FDFC /* Programs.swift */; };
/* End PBXBuildFile section */

/* Begin PBXFileReference section */
		451C8EAD28BA807600D827F4 /* FitnessCollectionViewCell.swift */ = {isa = PBXFileReference; lastKnownFileType = sourcecode.swift; path = FitnessCollectionViewCell.swift; sourceTree = "<group>"; };
		4532BE6228B8ED1800A772C0 /* Fitness App.app */ = {isa = PBXFileReference; explicitFileType = wrapper.application; includeInIndex = 0; path = "Fitness App.app"; sourceTree = BUILT_PRODUCTS_DIR; };
		4532BE6528B8ED1800A772C0 /* AppDelegate.swift */ = {isa = PBXFileReference; lastKnownFileType = sourcecode.swift; path = AppDelegate.swift; sourceTree = "<group>"; };
		4532BE6728B8ED1800A772C0 /* SceneDelegate.swift */ = {isa = PBXFileReference; lastKnownFileType = sourcecode.swift; path = SceneDelegate.swift; sourceTree = "<group>"; };
		4532BE6928B8ED1800A772C0 /* FirstViewController.swift */ = {isa = PBXFileReference; lastKnownFileType = sourcecode.swift; path = FirstViewController.swift; sourceTree = "<group>"; };
		4532BE6C28B8ED1800A772C0 /* Base */ = {isa = PBXFileReference; lastKnownFileType = file.storyboard; name = Base; path = Base.lproj/Main.storyboard; sourceTree = "<group>"; };
		4532BE6E28B8ED1A00A772C0 /* Assets.xcassets */ = {isa = PBXFileReference; lastKnownFileType = folder.assetcatalog; path = Assets.xcassets; sourceTree = "<group>"; };
		4532BE7128B8ED1A00A772C0 /* Base */ = {isa = PBXFileReference; lastKnownFileType = file.storyboard; name = Base; path = Base.lproj/LaunchScreen.storyboard; sourceTree = "<group>"; };
		4532BE7328B8ED1A00A772C0 /* Info.plist */ = {isa = PBXFileReference; lastKnownFileType = text.plist.xml; path = Info.plist; sourceTree = "<group>"; };
		4533538F28C4E0C100C8072C /* subTraningViewController.swift */ = {isa = PBXFileReference; lastKnownFileType = sourcecode.swift; path = subTraningViewController.swift; sourceTree = "<group>"; };
		454206D428C4F24B008109EA /* showVideoViewController.swift */ = {isa = PBXFileReference; lastKnownFileType = sourcecode.swift; path = showVideoViewController.swift; sourceTree = "<group>"; };
		457E016D28BE1FF1002305E4 /* TraningsViewController.swift */ = {isa = PBXFileReference; lastKnownFileType = sourcecode.swift; path = TraningsViewController.swift; sourceTree = "<group>"; };
		457E016F28BE21FC002305E4 /* Tranings.swift */ = {isa = PBXFileReference; lastKnownFileType = sourcecode.swift; path = Tranings.swift; sourceTree = "<group>"; };
		45D3C54D28CB812900909438 /* Fitness App.entitlements */ = {isa = PBXFileReference; lastKnownFileType = text.plist.entitlements; path = "Fitness App.entitlements"; sourceTree = "<group>"; };
		45D3C54F28CB812900909438 /* HealthKit.framework */ = {isa = PBXFileReference; lastKnownFileType = wrapper.framework; name = HealthKit.framework; path = System/Library/Frameworks/HealthKit.framework; sourceTree = SDKROOT; };
		45D3C55428CB832100909438 /* StepTargetViewController.swift */ = {isa = PBXFileReference; lastKnownFileType = sourcecode.swift; path = StepTargetViewController.swift; sourceTree = "<group>"; };
		45E2C25128BA7AB9006826A3 /* ProgramsViewController.swift */ = {isa = PBXFileReference; lastKnownFileType = sourcecode.swift; path = ProgramsViewController.swift; sourceTree = "<group>"; };
		45E56A4B28BA853B0078FDFC /* Programs.swift */ = {isa = PBXFileReference; lastKnownFileType = sourcecode.swift; path = Programs.swift; sourceTree = "<group>"; };
/* End PBXFileReference section */

/* Begin PBXFrameworksBuildPhase section */
		4532BE5F28B8ED1700A772C0 /* Frameworks */ = {
			isa = PBXFrameworksBuildPhase;
			buildActionMask = 2147483647;
			files = (
				45D3C55128CB819900909438 /* HealthKit.framework in Frameworks */,
			);
			runOnlyForDeploymentPostprocessing = 0;
		};
/* End PBXFrameworksBuildPhase section */

/* Begin PBXGroup section */
		4532BE5928B8ED1700A772C0 = {
			isa = PBXGroup;
			children = (
				4532BE6428B8ED1800A772C0 /* Fitness App */,
				4532BE6328B8ED1800A772C0 /* Products */,
				45D3C54E28CB812900909438 /* Frameworks */,
			);
			sourceTree = "<group>";
		};
		4532BE6328B8ED1800A772C0 /* Products */ = {
			isa = PBXGroup;
			children = (
				4532BE6228B8ED1800A772C0 /* Fitness App.app */,
			);
			name = Products;
			sourceTree = "<group>";
		};
		4532BE6428B8ED1800A772C0 /* Fitness App */ = {
			isa = PBXGroup;
			children = (
				45D3C54D28CB812900909438 /* Fitness App.entitlements */,
				45E2C24F28BA79F7006826A3 /* Model */,
				45E2C24E28BA79F2006826A3 /* View */,
				45E2C24D28BA79ED006826A3 /* Controller */,
				45E2C25028BA7A34006826A3 /* Other Files */,
				4532BE7328B8ED1A00A772C0 /* Info.plist */,
			);
			path = "Fitness App";
			sourceTree = "<group>";
		};
		45D3C54E28CB812900909438 /* Frameworks */ = {
			isa = PBXGroup;
			children = (
				45D3C54F28CB812900909438 /* HealthKit.framework */,
			);
			name = Frameworks;
			sourceTree = "<group>";
		};
		45E2C24D28BA79ED006826A3 /* Controller */ = {
			isa = PBXGroup;
			children = (
				4532BE6928B8ED1800A772C0 /* FirstViewController.swift */,
				45E2C25128BA7AB9006826A3 /* ProgramsViewController.swift */,
				457E016D28BE1FF1002305E4 /* TraningsViewController.swift */,
				4533538F28C4E0C100C8072C /* subTraningViewController.swift */,
				454206D428C4F24B008109EA /* showVideoViewController.swift */,
				451C8EAD28BA807600D827F4 /* FitnessCollectionViewCell.swift */,
				45D3C55428CB832100909438 /* StepTargetViewController.swift */,
			);
			path = Controller;
			sourceTree = "<group>";
		};
		45E2C24E28BA79F2006826A3 /* View */ = {
			isa = PBXGroup;
			children = (
				4532BE6B28B8ED1800A772C0 /* Main.storyboard */,
			);
			path = View;
			sourceTree = "<group>";
		};
		45E2C24F28BA79F7006826A3 /* Model */ = {
			isa = PBXGroup;
			children = (
				45E56A4B28BA853B0078FDFC /* Programs.swift */,
				457E016F28BE21FC002305E4 /* Tranings.swift */,
			);
			path = Model;
			sourceTree = "<group>";
		};
		45E2C25028BA7A34006826A3 /* Other Files */ = {
			isa = PBXGroup;
			children = (
				4532BE6528B8ED1800A772C0 /* AppDelegate.swift */,
				4532BE6728B8ED1800A772C0 /* SceneDelegate.swift */,
				4532BE6E28B8ED1A00A772C0 /* Assets.xcassets */,
				4532BE7028B8ED1A00A772C0 /* LaunchScreen.storyboard */,
			);
			path = "Other Files";
			sourceTree = "<group>";
		};
/* End PBXGroup section */

/* Begin PBXNativeTarget section */
		4532BE6128B8ED1700A772C0 /* Fitness App */ = {
			isa = PBXNativeTarget;
			buildConfigurationList = 4532BE7628B8ED1A00A772C0 /* Build configuration list for PBXNativeTarget "Fitness App" */;
			buildPhases = (
				4532BE5E28B8ED1700A772C0 /* Sources */,
				4532BE5F28B8ED1700A772C0 /* Frameworks */,
				4532BE6028B8ED1700A772C0 /* Resources */,
			);
			buildRules = (
			);
			dependencies = (
			);
			name = "Fitness App";
			productName = "Fitness App";
			productReference = 4532BE6228B8ED1800A772C0 /* Fitness App.app */;
			productType = "com.apple.product-type.application";
		};
/* End PBXNativeTarget section */

/* Begin PBXProject section */
		4532BE5A28B8ED1700A772C0 /* Project object */ = {
			isa = PBXProject;
			attributes = {
				BuildIndependentTargetsInParallel = 1;
				LastSwiftUpdateCheck = 1340;
				LastUpgradeCheck = 1340;
				TargetAttributes = {
					4532BE6128B8ED1700A772C0 = {
						CreatedOnToolsVersion = 13.4.1;
					};
				};
			};
			buildConfigurationList = 4532BE5D28B8ED1700A772C0 /* Build configuration list for PBXProject "Fitness App" */;
			compatibilityVersion = "Xcode 13.0";
			developmentRegion = en;
			hasScannedForEncodings = 0;
			knownRegions = (
				en,
				Base,
			);
			mainGroup = 4532BE5928B8ED1700A772C0;
			productRefGroup = 4532BE6328B8ED1800A772C0 /* Products */;
			projectDirPath = "";
			projectRoot = "";
			targets = (
				4532BE6128B8ED1700A772C0 /* Fitness App */,
			);
		};
/* End PBXProject section */

/* Begin PBXResourcesBuildPhase section */
		4532BE6028B8ED1700A772C0 /* Resources */ = {
			isa = PBXResourcesBuildPhase;
			buildActionMask = 2147483647;
			files = (
				4532BE7228B8ED1A00A772C0 /* LaunchScreen.storyboard in Resources */,
				4532BE6F28B8ED1A00A772C0 /* Assets.xcassets in Resources */,
				4532BE6D28B8ED1800A772C0 /* Main.storyboard in Resources */,
			);
			runOnlyForDeploymentPostprocessing = 0;
		};
/* End PBXResourcesBuildPhase section */

/* Begin PBXSourcesBuildPhase section */
		4532BE5E28B8ED1700A772C0 /* Sources */ = {
			isa = PBXSourcesBuildPhase;
			buildActionMask = 2147483647;
			files = (
				4533539028C4E0C100C8072C /* subTraningViewController.swift in Sources */,
				45D3C55528CB832100909438 /* StepTargetViewController.swift in Sources */,
				457E016E28BE1FF1002305E4 /* TraningsViewController.swift in Sources */,
				4532BE6A28B8ED1800A772C0 /* FirstViewController.swift in Sources */,
				454206D528C4F24B008109EA /* showVideoViewController.swift in Sources */,
				451C8EAE28BA807600D827F4 /* FitnessCollectionViewCell.swift in Sources */,
				45E56A4C28BA853B0078FDFC /* Programs.swift in Sources */,
				45E2C25228BA7AB9006826A3 /* ProgramsViewController.swift in Sources */,
				4532BE6628B8ED1800A772C0 /* AppDelegate.swift in Sources */,
				4532BE6828B8ED1800A772C0 /* SceneDelegate.swift in Sources */,
				457E017028BE21FC002305E4 /* Tranings.swift in Sources */,
			);
			runOnlyForDeploymentPostprocessing = 0;
		};
/* End PBXSourcesBuildPhase section */

/* Begin PBXVariantGroup section */
		4532BE6B28B8ED1800A772C0 /* Main.storyboard */ = {
			isa = PBXVariantGroup;
			children = (
				4532BE6C28B8ED1800A772C0 /* Base */,
			);
			name = Main.storyboard;
			sourceTree = "<group>";
		};
		4532BE7028B8ED1A00A772C0 /* LaunchScreen.storyboard */ = {
			isa = PBXVariantGroup;
			children = (
				4532BE7128B8ED1A00A772C0 /* Base */,
			);
			name = LaunchScreen.storyboard;
			sourceTree = "<group>";
		};
/* End PBXVariantGroup section */

/* Begin XCBuildConfiguration section */
		4532BE7428B8ED1A00A772C0 /* Debug */ = {
			isa = XCBuildConfiguration;
			buildSettings = {
				ALWAYS_SEARCH_USER_PATHS = NO;
				CLANG_ANALYZER_NONNULL = YES;
				CLANG_ANALYZER_NUMBER_OBJECT_CONVERSION = YES_AGGRESSIVE;
				CLANG_CXX_LANGUAGE_STANDARD = "gnu++17";
				CLANG_ENABLE_MODULES = YES;
				CLANG_ENABLE_OBJC_ARC = YES;
				CLANG_ENABLE_OBJC_WEAK = YES;
				CLANG_WARN_BLOCK_CAPTURE_AUTORELEASING = YES;
				CLANG_WARN_BOOL_CONVERSION = YES;
				CLANG_WARN_COMMA = YES;
				CLANG_WARN_CONSTANT_CONVERSION = YES;
				CLANG_WARN_DEPRECATED_OBJC_IMPLEMENTATIONS = YES;
				CLANG_WARN_DIRECT_OBJC_ISA_USAGE = YES_ERROR;
				CLANG_WARN_DOCUMENTATION_COMMENTS = YES;
				CLANG_WARN_EMPTY_BODY = YES;
				CLANG_WARN_ENUM_CONVERSION = YES;
				CLANG_WARN_INFINITE_RECURSION = YES;
				CLANG_WARN_INT_CONVERSION = YES;
				CLANG_WARN_NON_LITERAL_NULL_CONVERSION = YES;
				CLANG_WARN_OBJC_IMPLICIT_RETAIN_SELF = YES;
				CLANG_WARN_OBJC_LITERAL_CONVERSION = YES;
				CLANG_WARN_OBJC_ROOT_CLASS = YES_ERROR;
				CLANG_WARN_QUOTED_INCLUDE_IN_FRAMEWORK_HEADER = YES;
				CLANG_WARN_RANGE_LOOP_ANALYSIS = YES;
				CLANG_WARN_STRICT_PROTOTYPES = YES;
				CLANG_WARN_SUSPICIOUS_MOVE = YES;
				CLANG_WARN_UNGUARDED_AVAILABILITY = YES_AGGRESSIVE;
				CLANG_WARN_UNREACHABLE_CODE = YES;
				CLANG_WARN__DUPLICATE_METHOD_MATCH = YES;
				COPY_PHASE_STRIP = NO;
				DEBUG_INFORMATION_FORMAT = dwarf;
				ENABLE_STRICT_OBJC_MSGSEND = YES;
				ENABLE_TESTABILITY = YES;
				GCC_C_LANGUAGE_STANDARD = gnu11;
				GCC_DYNAMIC_NO_PIC = NO;
				GCC_NO_COMMON_BLOCKS = YES;
				GCC_OPTIMIZATION_LEVEL = 0;
				GCC_PREPROCESSOR_DEFINITIONS = (
					"DEBUG=1",
					"$(inherited)",
				);
				GCC_WARN_64_TO_32_BIT_CONVERSION = YES;
				GCC_WARN_ABOUT_RETURN_TYPE = YES_ERROR;
				GCC_WARN_UNDECLARED_SELECTOR = YES;
				GCC_WARN_UNINITIALIZED_AUTOS = YES_AGGRESSIVE;
				GCC_WARN_UNUSED_FUNCTION = YES;
				GCC_WARN_UNUSED_VARIABLE = YES;
				IPHONEOS_DEPLOYMENT_TARGET = 14.0;
				MTL_ENABLE_DEBUG_INFO = INCLUDE_SOURCE;
				MTL_FAST_MATH = YES;
				ONLY_ACTIVE_ARCH = YES;
				SDKROOT = iphoneos;
				SWIFT_ACTIVE_COMPILATION_CONDITIONS = DEBUG;
				SWIFT_OPTIMIZATION_LEVEL = "-Onone";
			};
			name = Debug;
		};
		4532BE7528B8ED1A00A772C0 /* Release */ = {
			isa = XCBuildConfiguration;
			buildSettings = {
				ALWAYS_SEARCH_USER_PATHS = NO;
				CLANG_ANALYZER_NONNULL = YES;
				CLANG_ANALYZER_NUMBER_OBJECT_CONVERSION = YES_AGGRESSIVE;
				CLANG_CXX_LANGUAGE_STANDARD = "gnu++17";
				CLANG_ENABLE_MODULES = YES;
				CLANG_ENABLE_OBJC_ARC = YES;
				CLANG_ENABLE_OBJC_WEAK = YES;
				CLANG_WARN_BLOCK_CAPTURE_AUTORELEASING = YES;
				CLANG_WARN_BOOL_CONVERSION = YES;
				CLANG_WARN_COMMA = YES;
				CLANG_WARN_CONSTANT_CONVERSION = YES;
				CLANG_WARN_DEPRECATED_OBJC_IMPLEMENTATIONS = YES;
				CLANG_WARN_DIRECT_OBJC_ISA_USAGE = YES_ERROR;
				CLANG_WARN_DOCUMENTATION_COMMENTS = YES;
				CLANG_WARN_EMPTY_BODY = YES;
				CLANG_WARN_ENUM_CONVERSION = YES;
				CLANG_WARN_INFINITE_RECURSION = YES;
				CLANG_WARN_INT_CONVERSION = YES;
				CLANG_WARN_NON_LITERAL_NULL_CONVERSION = YES;
				CLANG_WARN_OBJC_IMPLICIT_RETAIN_SELF = YES;
				CLANG_WARN_OBJC_LITERAL_CONVERSION = YES;
				CLANG_WARN_OBJC_ROOT_CLASS = YES_ERROR;
				CLANG_WARN_QUOTED_INCLUDE_IN_FRAMEWORK_HEADER = YES;
				CLANG_WARN_RANGE_LOOP_ANALYSIS = YES;
				CLANG_WARN_STRICT_PROTOTYPES = YES;
				CLANG_WARN_SUSPICIOUS_MOVE = YES;
				CLANG_WARN_UNGUARDED_AVAILABILITY = YES_AGGRESSIVE;
				CLANG_WARN_UNREACHABLE_CODE = YES;
				CLANG_WARN__DUPLICATE_METHOD_MATCH = YES;
				COPY_PHASE_STRIP = NO;
				DEBUG_INFORMATION_FORMAT = "dwarf-with-dsym";
				ENABLE_NS_ASSERTIONS = NO;
				ENABLE_STRICT_OBJC_MSGSEND = YES;
				GCC_C_LANGUAGE_STANDARD = gnu11;
				GCC_NO_COMMON_BLOCKS = YES;
				GCC_WARN_64_TO_32_BIT_CONVERSION = YES;
				GCC_WARN_ABOUT_RETURN_TYPE = YES_ERROR;
				GCC_WARN_UNDECLARED_SELECTOR = YES;
				GCC_WARN_UNINITIALIZED_AUTOS = YES_AGGRESSIVE;
				GCC_WARN_UNUSED_FUNCTION = YES;
				GCC_WARN_UNUSED_VARIABLE = YES;
				IPHONEOS_DEPLOYMENT_TARGET = 14.0;
				MTL_ENABLE_DEBUG_INFO = NO;
				MTL_FAST_MATH = YES;
				SDKROOT = iphoneos;
				SWIFT_COMPILATION_MODE = wholemodule;
				SWIFT_OPTIMIZATION_LEVEL = "-O";
				VALIDATE_PRODUCT = YES;
			};
			name = Release;
		};
		4532BE7728B8ED1A00A772C0 /* Debug */ = {
			isa = XCBuildConfiguration;
			buildSettings = {
				ASSETCATALOG_COMPILER_APPICON_NAME = AppIcon;
				ASSETCATALOG_COMPILER_GLOBAL_ACCENT_COLOR_NAME = AccentColor;
				CODE_SIGN_ENTITLEMENTS = "Fitness App/Fitness App.entitlements";
				CODE_SIGN_STYLE = Automatic;
				CURRENT_PROJECT_VERSION = 1;
				DEVELOPMENT_TEAM = 45YKL4BVGW;
				GENERATE_INFOPLIST_FILE = YES;
				INFOPLIST_FILE = "Fitness App/Info.plist";
				INFOPLIST_KEY_UIApplicationSupportsIndirectInputEvents = YES;
				INFOPLIST_KEY_UILaunchStoryboardName = LaunchScreen;
				INFOPLIST_KEY_UIMainStoryboardFile = Main;
				INFOPLIST_KEY_UISupportedInterfaceOrientations = UIInterfaceOrientationPortrait;
				INFOPLIST_KEY_UISupportedInterfaceOrientations_iPad = UIInterfaceOrientationPortrait;
				INFOPLIST_KEY_UISupportedInterfaceOrientations_iPhone = UIInterfaceOrientationPortrait;
				IPHONEOS_DEPLOYMENT_TARGET = 14.0;
				LD_RUNPATH_SEARCH_PATHS = (
					"$(inherited)",
					"@executable_path/Frameworks",
				);
				MARKETING_VERSION = 1.0;
				PRODUCT_BUNDLE_IDENTIFIER = "com.mustafapala.Fitness-App";
				PRODUCT_NAME = "$(TARGET_NAME)";
				SWIFT_EMIT_LOC_STRINGS = YES;
				SWIFT_VERSION = 5.0;
				TARGETED_DEVICE_FAMILY = 1;
			};
			name = Debug;
		};
		4532BE7828B8ED1A00A772C0 /* Release */ = {
			isa = XCBuildConfiguration;
			buildSettings = {
				ASSETCATALOG_COMPILER_APPICON_NAME = AppIcon;
				ASSETCATALOG_COMPILER_GLOBAL_ACCENT_COLOR_NAME = AccentColor;
				CODE_SIGN_ENTITLEMENTS = "Fitness App/Fitness App.entitlements";
				CODE_SIGN_STYLE = Automatic;
				CURRENT_PROJECT_VERSION = 1;
				DEVELOPMENT_TEAM = 45YKL4BVGW;
				GENERATE_INFOPLIST_FILE = YES;
				INFOPLIST_FILE = "Fitness App/Info.plist";
				INFOPLIST_KEY_UIApplicationSupportsIndirectInputEvents = YES;
				INFOPLIST_KEY_UILaunchStoryboardName = LaunchScreen;
				INFOPLIST_KEY_UIMainStoryboardFile = Main;
				INFOPLIST_KEY_UISupportedInterfaceOrientations = UIInterfaceOrientationPortrait;
				INFOPLIST_KEY_UISupportedInterfaceOrientations_iPad = UIInterfaceOrientationPortrait;
				INFOPLIST_KEY_UISupportedInterfaceOrientations_iPhone = UIInterfaceOrientationPortrait;
				IPHONEOS_DEPLOYMENT_TARGET = 14.0;
				LD_RUNPATH_SEARCH_PATHS = (
					"$(inherited)",
					"@executable_path/Frameworks",
				);
				MARKETING_VERSION = 1.0;
				PRODUCT_BUNDLE_IDENTIFIER = "com.mustafapala.Fitness-App";
				PRODUCT_NAME = "$(TARGET_NAME)";
				SWIFT_EMIT_LOC_STRINGS = YES;
				SWIFT_VERSION = 5.0;
				TARGETED_DEVICE_FAMILY = 1;
			};
			name = Release;
		};
/* End XCBuildConfiguration section */

/* Begin XCConfigurationList section */
		4532BE5D28B8ED1700A772C0 /* Build configuration list for PBXProject "Fitness App" */ = {
			isa = XCConfigurationList;
			buildConfigurations = (
				4532BE7428B8ED1A00A772C0 /* Debug */,
				4532BE7528B8ED1A00A772C0 /* Release */,
			);
			defaultConfigurationIsVisible = 0;
			defaultConfigurationName = Release;
		};
		4532BE7628B8ED1A00A772C0 /* Build configuration list for PBXNativeTarget "Fitness App" */ = {
			isa = XCConfigurationList;
			buildConfigurations = (
				4532BE7728B8ED1A00A772C0 /* Debug */,
				4532BE7828B8ED1A00A772C0 /* Release */,
			);
			defaultConfigurationIsVisible = 0;
			defaultConfigurationName = Release;
		};
/* End XCConfigurationList section */
	};
	rootObject = 4532BE5A28B8ED1700A772C0 /* Project object */;
}
